// !$*UTF8*$!
{
	archiveVersion = 1;
	classes = {
	};
	objectVersion = 46;
	objects = {

/* Begin PBXBuildFile section */
		D449495C163AD519006330AD /* Cocoa.framework in Frameworks */ = {isa = PBXBuildFile; fileRef = D449495B163AD519006330AD /* Cocoa.framework */; };
		D4494966163AD519006330AD /* InfoPlist.strings in Resources */ = {isa = PBXBuildFile; fileRef = D4494964163AD519006330AD /* InfoPlist.strings */; };
		D4494968163AD519006330AD /* main.m in Sources */ = {isa = PBXBuildFile; fileRef = D4494967163AD519006330AD /* main.m */; };
		D449496C163AD519006330AD /* Credits.rtf in Resources */ = {isa = PBXBuildFile; fileRef = D449496A163AD519006330AD /* Credits.rtf */; };
		D449496F163AD519006330AD /* AppDelegate.m in Sources */ = {isa = PBXBuildFile; fileRef = D449496E163AD519006330AD /* AppDelegate.m */; };
		D4494972163AD519006330AD /* MainMenu.xib in Resources */ = {isa = PBXBuildFile; fileRef = D4494970163AD519006330AD /* MainMenu.xib */; };
		D4494979163AD783006330AD /* WebKit.framework in Frameworks */ = {isa = PBXBuildFile; fileRef = D4494978163AD783006330AD /* WebKit.framework */; };
/* End PBXBuildFile section */

/* Begin PBXFileReference section */
		D4494957163AD519006330AD /* Hopa Simple Browser.app */ = {isa = PBXFileReference; explicitFileType = wrapper.application; includeInIndex = 0; path = "Hopa Simple Browser.app"; sourceTree = BUILT_PRODUCTS_DIR; };
		D449495B163AD519006330AD /* Cocoa.framework */ = {isa = PBXFileReference; lastKnownFileType = wrapper.framework; name = Cocoa.framework; path = System/Library/Frameworks/Cocoa.framework; sourceTree = SDKROOT; };
		D449495E163AD519006330AD /* AppKit.framework */ = {isa = PBXFileReference; lastKnownFileType = wrapper.framework; name = AppKit.framework; path = System/Library/Frameworks/AppKit.framework; sourceTree = SDKROOT; };
		D449495F163AD519006330AD /* CoreData.framework */ = {isa = PBXFileReference; lastKnownFileType = wrapper.framework; name = CoreData.framework; path = System/Library/Frameworks/CoreData.framework; sourceTree = SDKROOT; };
		D4494960163AD519006330AD /* Foundation.framework */ = {isa = PBXFileReference; lastKnownFileType = wrapper.framework; name = Foundation.framework; path = System/Library/Frameworks/Foundation.framework; sourceTree = SDKROOT; };
		D4494963163AD519006330AD /* Hopa Simple Browser-Info.plist */ = {isa = PBXFileReference; lastKnownFileType = text.plist.xml; path = "Hopa Simple Browser-Info.plist"; sourceTree = "<group>"; };
		D4494965163AD519006330AD /* en */ = {isa = PBXFileReference; lastKnownFileType = text.plist.strings; name = en; path = en.lproj/InfoPlist.strings; sourceTree = "<group>"; };
		D4494967163AD519006330AD /* main.m */ = {isa = PBXFileReference; lastKnownFileType = sourcecode.c.objc; path = main.m; sourceTree = "<group>"; };
		D4494969163AD519006330AD /* Hopa Simple Browser-Prefix.pch */ = {isa = PBXFileReference; lastKnownFileType = sourcecode.c.h; path = "Hopa Simple Browser-Prefix.pch"; sourceTree = "<group>"; };
		D449496B163AD519006330AD /* en */ = {isa = PBXFileReference; lastKnownFileType = text.rtf; name = en; path = en.lproj/Credits.rtf; sourceTree = "<group>"; };
		D449496D163AD519006330AD /* AppDelegate.h */ = {isa = PBXFileReference; lastKnownFileType = sourcecode.c.h; path = AppDelegate.h; sourceTree = "<group>"; };
		D449496E163AD519006330AD /* AppDelegate.m */ = {isa = PBXFileReference; lastKnownFileType = sourcecode.c.objc; path = AppDelegate.m; sourceTree = "<group>"; };
		D4494971163AD519006330AD /* en */ = {isa = PBXFileReference; lastKnownFileType = file.xib; name = en; path = en.lproj/MainMenu.xib; sourceTree = "<group>"; };
		D4494978163AD783006330AD /* WebKit.framework */ = {isa = PBXFileReference; lastKnownFileType = wrapper.framework; name = WebKit.framework; path = System/Library/Frameworks/WebKit.framework; sourceTree = SDKROOT; };
/* End PBXFileReference section */

/* Begin PBXFrameworksBuildPhase section */
		D4494954163AD519006330AD /* Frameworks */ = {
			isa = PBXFrameworksBuildPhase;
			buildActionMask = 2147483647;
			files = (
				D4494979163AD783006330AD /* WebKit.framework in Frameworks */,
				D449495C163AD519006330AD /* Cocoa.framework in Frameworks */,
			);
			runOnlyForDeploymentPostprocessing = 0;
		};
/* End PBXFrameworksBuildPhase section */

/* Begin PBXGroup section */
		D449494C163AD519006330AD = {
			isa = PBXGroup;
			children = (
				D4494978163AD783006330AD /* WebKit.framework */,
				D4494961163AD519006330AD /* Hopa Simple Browser */,
				D449495A163AD519006330AD /* Frameworks */,
				D4494958163AD519006330AD /* Products */,
			);
			sourceTree = "<group>";
		};
		D4494958163AD519006330AD /* Products */ = {
			isa = PBXGroup;
			children = (
				D4494957163AD519006330AD /* Hopa Simple Browser.app */,
			);
			name = Products;
			sourceTree = "<group>";
		};
		D449495A163AD519006330AD /* Frameworks */ = {
			isa = PBXGroup;
			children = (
				D449495B163AD519006330AD /* Cocoa.framework */,
				D449495D163AD519006330AD /* Other Frameworks */,
			);
			name = Frameworks;
			sourceTree = "<group>";
		};
		D449495D163AD519006330AD /* Other Frameworks */ = {
			isa = PBXGroup;
			children = (
				D449495E163AD519006330AD /* AppKit.framework */,
				D449495F163AD519006330AD /* CoreData.framework */,
				D4494960163AD519006330AD /* Foundation.framework */,
			);
			name = "Other Frameworks";
			sourceTree = "<group>";
		};
		D4494961163AD519006330AD /* Hopa Simple Browser */ = {
			isa = PBXGroup;
			children = (
				D449496D163AD519006330AD /* AppDelegate.h */,
				D449496E163AD519006330AD /* AppDelegate.m */,
				D4494970163AD519006330AD /* MainMenu.xib */,
				D4494962163AD519006330AD /* Supporting Files */,
			);
			path = "Hopa Simple Browser";
			sourceTree = "<group>";
		};
		D4494962163AD519006330AD /* Supporting Files */ = {
			isa = PBXGroup;
			children = (
				D4494963163AD519006330AD /* Hopa Simple Browser-Info.plist */,
				D4494964163AD519006330AD /* InfoPlist.strings */,
				D4494967163AD519006330AD /* main.m */,
				D4494969163AD519006330AD /* Hopa Simple Browser-Prefix.pch */,
				D449496A163AD519006330AD /* Credits.rtf */,
			);
			name = "Supporting Files";
			sourceTree = "<group>";
		};
/* End PBXGroup section */

/* Begin PBXNativeTarget section */
		D4494956163AD519006330AD /* Hopa Simple Browser */ = {
			isa = PBXNativeTarget;
			buildConfigurationList = D4494975163AD519006330AD /* Build configuration list for PBXNativeTarget "Hopa Simple Browser" */;
			buildPhases = (
				D4494953163AD519006330AD /* Sources */,
				D4494954163AD519006330AD /* Frameworks */,
				D4494955163AD519006330AD /* Resources */,
			);
			buildRules = (
			);
			dependencies = (
			);
			name = "Hopa Simple Browser";
			productName = "Hopa Simple Browser";
			productReference = D4494957163AD519006330AD /* Hopa Simple Browser.app */;
			productType = "com.apple.product-type.application";
		};
/* End PBXNativeTarget section */

/* Begin PBXProject section */
		D449494E163AD519006330AD /* Project object */ = {
			isa = PBXProject;
			attributes = {
				LastUpgradeCheck = 0440;
				ORGANIZATIONNAME = Hopa;
			};
			buildConfigurationList = D4494951163AD519006330AD /* Build configuration list for PBXProject "Hopa Simple Browser" */;
			compatibilityVersion = "Xcode 3.2";
			developmentRegion = English;
			hasScannedForEncodings = 0;
			knownRegions = (
				en,
			);
			mainGroup = D449494C163AD519006330AD;
			productRefGroup = D4494958163AD519006330AD /* Products */;
			projectDirPath = "";
			projectRoot = "";
			targets = (
				D4494956163AD519006330AD /* Hopa Simple Browser */,
			);
		};
/* End PBXProject section */

/* Begin PBXResourcesBuildPhase section */
		D4494955163AD519006330AD /* Resources */ = {
			isa = PBXResourcesBuildPhase;
			buildActionMask = 2147483647;
			files = (
				D4494966163AD519006330AD /* InfoPlist.strings in Resources */,
				D449496C163AD519006330AD /* Credits.rtf in Resources */,
				D4494972163AD519006330AD /* MainMenu.xib in Resources */,
			);
			runOnlyForDeploymentPostprocessing = 0;
		};
/* End PBXResourcesBuildPhase section */

/* Begin PBXSourcesBuildPhase section */
		D4494953163AD519006330AD /* Sources */ = {
			isa = PBXSourcesBuildPhase;
			buildActionMask = 2147483647;
			files = (
				D4494968163AD519006330AD /* main.m in Sources */,
				D449496F163AD519006330AD /* AppDelegate.m in Sources */,
			);
			runOnlyForDeploymentPostprocessing = 0;
		};
/* End PBXSourcesBuildPhase section */

/* Begin PBXVariantGroup section */
		D4494964163AD519006330AD /* InfoPlist.strings */ = {
			isa = PBXVariantGroup;
			children = (
				D4494965163AD519006330AD /* en */,
			);
			name = InfoPlist.strings;
			sourceTree = "<group>";
		};
		D449496A163AD519006330AD /* Credits.rtf */ = {
			isa = PBXVariantGroup;
			children = (
				D449496B163AD519006330AD /* en */,
			);
			name = Credits.rtf;
			sourceTree = "<group>";
		};
		D4494970163AD519006330AD /* MainMenu.xib */ = {
			isa = PBXVariantGroup;
			children = (
				D4494971163AD519006330AD /* en */,
			);
			name = MainMenu.xib;
			sourceTree = "<group>";
		};
/* End PBXVariantGroup section */

/* Begin XCBuildConfiguration section */
		D4494973163AD519006330AD /* Debug */ = {
			isa = XCBuildConfiguration;
			buildSettings = {
				ALWAYS_SEARCH_USER_PATHS = NO;
				ARCHS = "$(ARCHS_STANDARD_64_BIT)";
				CLANG_CXX_LANGUAGE_STANDARD = "gnu++0x";
				CLANG_ENABLE_OBJC_ARC = YES;
				CLANG_WARN__DUPLICATE_METHOD_MATCH = YES;
				COPY_PHASE_STRIP = NO;
				GCC_C_LANGUAGE_STANDARD = gnu99;
				GCC_DYNAMIC_NO_PIC = NO;
				GCC_ENABLE_OBJC_EXCEPTIONS = YES;
				GCC_OPTIMIZATION_LEVEL = 0;
				GCC_PREPROCESSOR_DEFINITIONS = (
					"DEBUG=1",
					"$(inherited)",
				);
				GCC_SYMBOLS_PRIVATE_EXTERN = NO;
				GCC_WARN_64_TO_32_BIT_CONVERSION = YES;
				GCC_WARN_ABOUT_RETURN_TYPE = YES;
				GCC_WARN_UNINITIALIZED_AUTOS = YES;
				GCC_WARN_UNUSED_VARIABLE = YES;
				MACOSX_DEPLOYMENT_TARGET = 10.8;
				ONLY_ACTIVE_ARCH = YES;
				SDKROOT = macosx;
			};
			name = Debug;
		};
		D4494974163AD519006330AD /* Release */ = {
			isa = XCBuildConfiguration;
			buildSettings = {
				ALWAYS_SEARCH_USER_PATHS = NO;
				ARCHS = "$(ARCHS_STANDARD_64_BIT)";
				CLANG_CXX_LANGUAGE_STANDARD = "gnu++0x";
				CLANG_ENABLE_OBJC_ARC = YES;
				CLANG_WARN__DUPLICATE_METHOD_MATCH = YES;
				COPY_PHASE_STRIP = YES;
				DEBUG_INFORMATION_FORMAT = "dwarf-with-dsym";
				GCC_C_LANGUAGE_STANDARD = gnu99;
				GCC_ENABLE_OBJC_EXCEPTIONS = YES;
				GCC_WARN_64_TO_32_BIT_CONVERSION = YES;
				GCC_WARN_ABOUT_RETURN_TYPE = YES;
				GCC_WARN_UNINITIALIZED_AUTOS = YES;
				GCC_WARN_UNUSED_VARIABLE = YES;
				MACOSX_DEPLOYMENT_TARGET = 10.8;
				SDKROOT = macosx;
			};
			name = Release;
		};
		D4494976163AD519006330AD /* Debug */ = {
			isa = XCBuildConfiguration;
			buildSettings = {
				COMBINE_HIDPI_IMAGES = YES;
				GCC_PRECOMPILE_PREFIX_HEADER = YES;
				GCC_PREFIX_HEADER = "Hopa Simple Browser/Hopa Simple Browser-Prefix.pch";
				INFOPLIST_FILE = "Hopa Simple Browser/Hopa Simple Browser-Info.plist";
				PRODUCT_NAME = "$(TARGET_NAME)";
				WRAPPER_EXTENSION = app;
			};
			name = Debug;
		};
		D4494977163AD519006330AD /* Release */ = {
			isa = XCBuildConfiguration;
			buildSettings = {
				COMBINE_HIDPI_IMAGES = YES;
				GCC_PRECOMPILE_PREFIX_HEADER = YES;
				GCC_PREFIX_HEADER = "Hopa Simple Browser/Hopa Simple Browser-Prefix.pch";
				INFOPLIST_FILE = "Hopa Simple Browser/Hopa Simple Browser-Info.plist";
				PRODUCT_NAME = "$(TARGET_NAME)";
				WRAPPER_EXTENSION = app;
			};
			name = Release;
		};
/* End XCBuildConfiguration section */

/* Begin XCConfigurationList section */
		D4494951163AD519006330AD /* Build configuration list for PBXProject "Hopa Simple Browser" */ = {
			isa = XCConfigurationList;
			buildConfigurations = (
				D4494973163AD519006330AD /* Debug */,
				D4494974163AD519006330AD /* Release */,
			);
			defaultConfigurationIsVisible = 0;
			defaultConfigurationName = Release;
		};
		D4494975163AD519006330AD /* Build configuration list for PBXNativeTarget "Hopa Simple Browser" */ = {
			isa = XCConfigurationList;
			buildConfigurations = (
				D4494976163AD519006330AD /* Debug */,
				D4494977163AD519006330AD /* Release */,
			);
			defaultConfigurationIsVisible = 0;
			defaultConfigurationName = Release;
		};
/* End XCConfigurationList section */
	};
	rootObject = D449494E163AD519006330AD /* Project object */;
}
